// !$*UTF8*$!
{
	archiveVersion = 1;
	classes = {
	};
	objectVersion = 46;
	objects = {

/* Begin PBXBuildFile section */
		A59CCBB6D39BD45C81C13296 /* libPods-SimpleAFNetworkingDemo.a in Frameworks */ = {isa = PBXBuildFile; fileRef = 3D267DE7D8D633C92A40BE4F /* libPods-SimpleAFNetworkingDemo.a */; };
		C43A390A1D8F80050020822D /* YDBaseHTTPOperationManager.m in Sources */ = {isa = PBXBuildFile; fileRef = C43A39041D8F80050020822D /* YDBaseHTTPOperationManager.m */; };
		C43A390B1D8F80050020822D /* YDBaseHTTPSessionManager.m in Sources */ = {isa = PBXBuildFile; fileRef = C43A39061D8F80050020822D /* YDBaseHTTPSessionManager.m */; };
		C43A390C1D8F80050020822D /* YDHttpClient.m in Sources */ = {isa = PBXBuildFile; fileRef = C43A39081D8F80050020822D /* YDHttpClient.m */; };
		C4FCB1DE1CBC9ACF00563348 /* main.m in Sources */ = {isa = PBXBuildFile; fileRef = C4FCB1DD1CBC9ACF00563348 /* main.m */; };
		C4FCB1E11CBC9ACF00563348 /* AppDelegate.m in Sources */ = {isa = PBXBuildFile; fileRef = C4FCB1E01CBC9ACF00563348 /* AppDelegate.m */; };
		C4FCB1E41CBC9ACF00563348 /* ViewController.m in Sources */ = {isa = PBXBuildFile; fileRef = C4FCB1E31CBC9ACF00563348 /* ViewController.m */; };
		C4FCB1E71CBC9ACF00563348 /* Main.storyboard in Resources */ = {isa = PBXBuildFile; fileRef = C4FCB1E51CBC9ACF00563348 /* Main.storyboard */; };
		C4FCB1E91CBC9ACF00563348 /* Assets.xcassets in Resources */ = {isa = PBXBuildFile; fileRef = C4FCB1E81CBC9ACF00563348 /* Assets.xcassets */; };
		C4FCB1EC1CBC9ACF00563348 /* LaunchScreen.storyboard in Resources */ = {isa = PBXBuildFile; fileRef = C4FCB1EA1CBC9ACF00563348 /* LaunchScreen.storyboard */; };
		C4FCB1F71CBC9ACF00563348 /* SimpleAFNetworkingDemoTests.m in Sources */ = {isa = PBXBuildFile; fileRef = C4FCB1F61CBC9ACF00563348 /* SimpleAFNetworkingDemoTests.m */; };
		C4FCB24D1CBC9E3F00563348 /* YDBaseHTTPOperationManagerTest.m in Sources */ = {isa = PBXBuildFile; fileRef = C4FCB24C1CBC9E3F00563348 /* YDBaseHTTPOperationManagerTest.m */; };
		C4FCB24F1CBC9E5100563348 /* YDBaseHTTPSessionManagerTest.m in Sources */ = {isa = PBXBuildFile; fileRef = C4FCB24E1CBC9E5100563348 /* YDBaseHTTPSessionManagerTest.m */; };
/* End PBXBuildFile section */

/* Begin PBXContainerItemProxy section */
		C4FCB1F31CBC9ACF00563348 /* PBXContainerItemProxy */ = {
			isa = PBXContainerItemProxy;
			containerPortal = C4FCB1D11CBC9ACF00563348 /* Project object */;
			proxyType = 1;
			remoteGlobalIDString = C4FCB1D81CBC9ACF00563348;
			remoteInfo = SimpleAFNetworkingDemo;
		};
/* End PBXContainerItemProxy section */

/* Begin PBXFileReference section */
		0B56C52A2EF77EDC1B61D966 /* Pods-SimpleAFNetworkingDemo.debug.xcconfig */ = {isa = PBXFileReference; includeInIndex = 1; lastKnownFileType = text.xcconfig; name = "Pods-SimpleAFNetworkingDemo.debug.xcconfig"; path = "Pods/Target Support Files/Pods-SimpleAFNetworkingDemo/Pods-SimpleAFNetworkingDemo.debug.xcconfig"; sourceTree = "<group>"; };
		226B515A703FCC6271EB5D83 /* Pods-SimpleAFNetworkingDemo.release.xcconfig */ = {isa = PBXFileReference; includeInIndex = 1; lastKnownFileType = text.xcconfig; name = "Pods-SimpleAFNetworkingDemo.release.xcconfig"; path = "Pods/Target Support Files/Pods-SimpleAFNetworkingDemo/Pods-SimpleAFNetworkingDemo.release.xcconfig"; sourceTree = "<group>"; };
		3D267DE7D8D633C92A40BE4F /* libPods-SimpleAFNetworkingDemo.a */ = {isa = PBXFileReference; explicitFileType = archive.ar; includeInIndex = 0; path = "libPods-SimpleAFNetworkingDemo.a"; sourceTree = BUILT_PRODUCTS_DIR; };
		C43A39031D8F80050020822D /* YDBaseHTTPOperationManager.h */ = {isa = PBXFileReference; fileEncoding = 4; lastKnownFileType = sourcecode.c.h; path = YDBaseHTTPOperationManager.h; sourceTree = "<group>"; };
		C43A39041D8F80050020822D /* YDBaseHTTPOperationManager.m */ = {isa = PBXFileReference; fileEncoding = 4; lastKnownFileType = sourcecode.c.objc; path = YDBaseHTTPOperationManager.m; sourceTree = "<group>"; };
		C43A39051D8F80050020822D /* YDBaseHTTPSessionManager.h */ = {isa = PBXFileReference; fileEncoding = 4; lastKnownFileType = sourcecode.c.h; path = YDBaseHTTPSessionManager.h; sourceTree = "<group>"; };
		C43A39061D8F80050020822D /* YDBaseHTTPSessionManager.m */ = {isa = PBXFileReference; fileEncoding = 4; lastKnownFileType = sourcecode.c.objc; path = YDBaseHTTPSessionManager.m; sourceTree = "<group>"; };
		C43A39071D8F80050020822D /* YDHttpClient.h */ = {isa = PBXFileReference; fileEncoding = 4; lastKnownFileType = sourcecode.c.h; path = YDHttpClient.h; sourceTree = "<group>"; };
		C43A39081D8F80050020822D /* YDHttpClient.m */ = {isa = PBXFileReference; fileEncoding = 4; lastKnownFileType = sourcecode.c.objc; path = YDHttpClient.m; sourceTree = "<group>"; };
		C43A39091D8F80050020822D /* YDNetWorkConst.h */ = {isa = PBXFileReference; fileEncoding = 4; lastKnownFileType = sourcecode.c.h; path = YDNetWorkConst.h; sourceTree = "<group>"; };
		C4FCB1D91CBC9ACF00563348 /* SimpleAFNetworkingDemo.app */ = {isa = PBXFileReference; explicitFileType = wrapper.application; includeInIndex = 0; path = SimpleAFNetworkingDemo.app; sourceTree = BUILT_PRODUCTS_DIR; };
		C4FCB1DD1CBC9ACF00563348 /* main.m */ = {isa = PBXFileReference; lastKnownFileType = sourcecode.c.objc; path = main.m; sourceTree = "<group>"; };
		C4FCB1DF1CBC9ACF00563348 /* AppDelegate.h */ = {isa = PBXFileReference; lastKnownFileType = sourcecode.c.h; path = AppDelegate.h; sourceTree = "<group>"; };
		C4FCB1E01CBC9ACF00563348 /* AppDelegate.m */ = {isa = PBXFileReference; lastKnownFileType = sourcecode.c.objc; path = AppDelegate.m; sourceTree = "<group>"; };
		C4FCB1E21CBC9ACF00563348 /* ViewController.h */ = {isa = PBXFileReference; lastKnownFileType = sourcecode.c.h; path = ViewController.h; sourceTree = "<group>"; };
		C4FCB1E31CBC9ACF00563348 /* ViewController.m */ = {isa = PBXFileReference; lastKnownFileType = sourcecode.c.objc; path = ViewController.m; sourceTree = "<group>"; };
		C4FCB1E61CBC9ACF00563348 /* Base */ = {isa = PBXFileReference; lastKnownFileType = file.storyboard; name = Base; path = Base.lproj/Main.storyboard; sourceTree = "<group>"; };
		C4FCB1E81CBC9ACF00563348 /* Assets.xcassets */ = {isa = PBXFileReference; lastKnownFileType = folder.assetcatalog; path = Assets.xcassets; sourceTree = "<group>"; };
		C4FCB1EB1CBC9ACF00563348 /* Base */ = {isa = PBXFileReference; lastKnownFileType = file.storyboard; name = Base; path = Base.lproj/LaunchScreen.storyboard; sourceTree = "<group>"; };
		C4FCB1ED1CBC9ACF00563348 /* Info.plist */ = {isa = PBXFileReference; lastKnownFileType = text.plist.xml; path = Info.plist; sourceTree = "<group>"; };
		C4FCB1F21CBC9ACF00563348 /* SimpleAFNetworkingDemoTests.xctest */ = {isa = PBXFileReference; explicitFileType = wrapper.cfbundle; includeInIndex = 0; path = SimpleAFNetworkingDemoTests.xctest; sourceTree = BUILT_PRODUCTS_DIR; };
		C4FCB1F61CBC9ACF00563348 /* SimpleAFNetworkingDemoTests.m */ = {isa = PBXFileReference; lastKnownFileType = sourcecode.c.objc; path = SimpleAFNetworkingDemoTests.m; sourceTree = "<group>"; };
		C4FCB1F81CBC9ACF00563348 /* Info.plist */ = {isa = PBXFileReference; lastKnownFileType = text.plist.xml; path = Info.plist; sourceTree = "<group>"; };
		C4FCB24C1CBC9E3F00563348 /* YDBaseHTTPOperationManagerTest.m */ = {isa = PBXFileReference; fileEncoding = 4; lastKnownFileType = sourcecode.c.objc; path = YDBaseHTTPOperationManagerTest.m; sourceTree = "<group>"; };
		C4FCB24E1CBC9E5100563348 /* YDBaseHTTPSessionManagerTest.m */ = {isa = PBXFileReference; fileEncoding = 4; lastKnownFileType = sourcecode.c.objc; path = YDBaseHTTPSessionManagerTest.m; sourceTree = "<group>"; };
/* End PBXFileReference section */

/* Begin PBXFrameworksBuildPhase section */
		C4FCB1D61CBC9ACF00563348 /* Frameworks */ = {
			isa = PBXFrameworksBuildPhase;
			buildActionMask = 2147483647;
			files = (
				A59CCBB6D39BD45C81C13296 /* libPods-SimpleAFNetworkingDemo.a in Frameworks */,
			);
			runOnlyForDeploymentPostprocessing = 0;
		};
		C4FCB1EF1CBC9ACF00563348 /* Frameworks */ = {
			isa = PBXFrameworksBuildPhase;
			buildActionMask = 2147483647;
			files = (
			);
			runOnlyForDeploymentPostprocessing = 0;
		};
/* End PBXFrameworksBuildPhase section */

/* Begin PBXGroup section */
		4B7927C01A4DA8531B1C0080 /* Pods */ = {
			isa = PBXGroup;
			children = (
				0B56C52A2EF77EDC1B61D966 /* Pods-SimpleAFNetworkingDemo.debug.xcconfig */,
				226B515A703FCC6271EB5D83 /* Pods-SimpleAFNetworkingDemo.release.xcconfig */,
			);
			name = Pods;
			sourceTree = "<group>";
		};
		81B0A8661DFDC09FB2AFB9C6 /* Frameworks */ = {
			isa = PBXGroup;
			children = (
				3D267DE7D8D633C92A40BE4F /* libPods-SimpleAFNetworkingDemo.a */,
			);
			name = Frameworks;
			sourceTree = "<group>";
		};
		C43A39021D8F80050020822D /* SimpleNetwork */ = {
			isa = PBXGroup;
			children = (
				C43A39031D8F80050020822D /* YDBaseHTTPOperationManager.h */,
				C43A39041D8F80050020822D /* YDBaseHTTPOperationManager.m */,
				C43A39051D8F80050020822D /* YDBaseHTTPSessionManager.h */,
				C43A39061D8F80050020822D /* YDBaseHTTPSessionManager.m */,
				C43A39071D8F80050020822D /* YDHttpClient.h */,
				C43A39081D8F80050020822D /* YDHttpClient.m */,
				C43A39091D8F80050020822D /* YDNetWorkConst.h */,
			);
			path = SimpleNetwork;
			sourceTree = "<group>";
		};
		C4FCB1D01CBC9ACF00563348 = {
			isa = PBXGroup;
			children = (
				C43A39021D8F80050020822D /* SimpleNetwork */,
				C4FCB1DB1CBC9ACF00563348 /* SimpleAFNetworkingDemo */,
				C4FCB1F51CBC9ACF00563348 /* SimpleAFNetworkingDemoTests */,
				C4FCB1DA1CBC9ACF00563348 /* Products */,
				4B7927C01A4DA8531B1C0080 /* Pods */,
				81B0A8661DFDC09FB2AFB9C6 /* Frameworks */,
			);
			sourceTree = "<group>";
		};
		C4FCB1DA1CBC9ACF00563348 /* Products */ = {
			isa = PBXGroup;
			children = (
				C4FCB1D91CBC9ACF00563348 /* SimpleAFNetworkingDemo.app */,
				C4FCB1F21CBC9ACF00563348 /* SimpleAFNetworkingDemoTests.xctest */,
			);
			name = Products;
			sourceTree = "<group>";
		};
		C4FCB1DB1CBC9ACF00563348 /* SimpleAFNetworkingDemo */ = {
			isa = PBXGroup;
			children = (
				C4FCB1DC1CBC9ACF00563348 /* Supporting Files */,
			);
			path = SimpleAFNetworkingDemo;
			sourceTree = "<group>";
		};
		C4FCB1DC1CBC9ACF00563348 /* Supporting Files */ = {
			isa = PBXGroup;
			children = (
				C4FCB1DF1CBC9ACF00563348 /* AppDelegate.h */,
				C4FCB1E01CBC9ACF00563348 /* AppDelegate.m */,
				C4FCB1E21CBC9ACF00563348 /* ViewController.h */,
				C4FCB1E31CBC9ACF00563348 /* ViewController.m */,
				C4FCB1E51CBC9ACF00563348 /* Main.storyboard */,
				C4FCB1E81CBC9ACF00563348 /* Assets.xcassets */,
				C4FCB1EA1CBC9ACF00563348 /* LaunchScreen.storyboard */,
				C4FCB1ED1CBC9ACF00563348 /* Info.plist */,
				C4FCB1DD1CBC9ACF00563348 /* main.m */,
			);
			name = "Supporting Files";
			sourceTree = "<group>";
		};
		C4FCB1F51CBC9ACF00563348 /* SimpleAFNetworkingDemoTests */ = {
			isa = PBXGroup;
			children = (
				C4FCB24C1CBC9E3F00563348 /* YDBaseHTTPOperationManagerTest.m */,
				C4FCB24E1CBC9E5100563348 /* YDBaseHTTPSessionManagerTest.m */,
				C4FCB1F61CBC9ACF00563348 /* SimpleAFNetworkingDemoTests.m */,
				C4FCB1F81CBC9ACF00563348 /* Info.plist */,
			);
			path = SimpleAFNetworkingDemoTests;
			sourceTree = "<group>";
		};
/* End PBXGroup section */

/* Begin PBXNativeTarget section */
		C4FCB1D81CBC9ACF00563348 /* SimpleAFNetworkingDemo */ = {
			isa = PBXNativeTarget;
			buildConfigurationList = C4FCB1FB1CBC9ACF00563348 /* Build configuration list for PBXNativeTarget "SimpleAFNetworkingDemo" */;
			buildPhases = (
				1184359B5E9F5C2A58156A8C /* [CP] Check Pods Manifest.lock */,
				C4FCB1D51CBC9ACF00563348 /* Sources */,
				C4FCB1D61CBC9ACF00563348 /* Frameworks */,
				C4FCB1D71CBC9ACF00563348 /* Resources */,
				5D520417E207223B5B6EDE40 /* [CP] Embed Pods Frameworks */,
				EB6CA67CBA7C840785CE04CB /* [CP] Copy Pods Resources */,
			);
			buildRules = (
			);
			dependencies = (
			);
			name = SimpleAFNetworkingDemo;
			productName = SimpleAFNetworkingDemo;
			productReference = C4FCB1D91CBC9ACF00563348 /* SimpleAFNetworkingDemo.app */;
			productType = "com.apple.product-type.application";
		};
		C4FCB1F11CBC9ACF00563348 /* SimpleAFNetworkingDemoTests */ = {
			isa = PBXNativeTarget;
			buildConfigurationList = C4FCB1FE1CBC9ACF00563348 /* Build configuration list for PBXNativeTarget "SimpleAFNetworkingDemoTests" */;
			buildPhases = (
				C4FCB1EE1CBC9ACF00563348 /* Sources */,
				C4FCB1EF1CBC9ACF00563348 /* Frameworks */,
				C4FCB1F01CBC9ACF00563348 /* Resources */,
			);
			buildRules = (
			);
			dependencies = (
				C4FCB1F41CBC9ACF00563348 /* PBXTargetDependency */,
			);
			name = SimpleAFNetworkingDemoTests;
			productName = SimpleAFNetworkingDemoTests;
			productReference = C4FCB1F21CBC9ACF00563348 /* SimpleAFNetworkingDemoTests.xctest */;
			productType = "com.apple.product-type.bundle.unit-test";
		};
/* End PBXNativeTarget section */

/* Begin PBXProject section */
		C4FCB1D11CBC9ACF00563348 /* Project object */ = {
			isa = PBXProject;
			attributes = {
				LastUpgradeCheck = 0720;
				ORGANIZATIONNAME = __company__;
				TargetAttributes = {
					C4FCB1D81CBC9ACF00563348 = {
						CreatedOnToolsVersion = 7.2;
					};
					C4FCB1F11CBC9ACF00563348 = {
						CreatedOnToolsVersion = 7.2;
						TestTargetID = C4FCB1D81CBC9ACF00563348;
					};
				};
			};
			buildConfigurationList = C4FCB1D41CBC9ACF00563348 /* Build configuration list for PBXProject "SimpleAFNetworkingDemo" */;
			compatibilityVersion = "Xcode 3.2";
			developmentRegion = English;
			hasScannedForEncodings = 0;
			knownRegions = (
				en,
				Base,
			);
			mainGroup = C4FCB1D01CBC9ACF00563348;
			productRefGroup = C4FCB1DA1CBC9ACF00563348 /* Products */;
			projectDirPath = "";
			projectRoot = "";
			targets = (
				C4FCB1D81CBC9ACF00563348 /* SimpleAFNetworkingDemo */,
				C4FCB1F11CBC9ACF00563348 /* SimpleAFNetworkingDemoTests */,
			);
		};
/* End PBXProject section */

/* Begin PBXResourcesBuildPhase section */
		C4FCB1D71CBC9ACF00563348 /* Resources */ = {
			isa = PBXResourcesBuildPhase;
			buildActionMask = 2147483647;
			files = (
				C4FCB1EC1CBC9ACF00563348 /* LaunchScreen.storyboard in Resources */,
				C4FCB1E91CBC9ACF00563348 /* Assets.xcassets in Resources */,
				C4FCB1E71CBC9ACF00563348 /* Main.storyboard in Resources */,
			);
			runOnlyForDeploymentPostprocessing = 0;
		};
		C4FCB1F01CBC9ACF00563348 /* Resources */ = {
			isa = PBXResourcesBuildPhase;
			buildActionMask = 2147483647;
			files = (
			);
			runOnlyForDeploymentPostprocessing = 0;
		};
/* End PBXResourcesBuildPhase section */

/* Begin PBXShellScriptBuildPhase section */
		1184359B5E9F5C2A58156A8C /* [CP] Check Pods Manifest.lock */ = {
			isa = PBXShellScriptBuildPhase;
			buildActionMask = 2147483647;
			files = (
			);
			inputPaths = (
			);
			name = "[CP] Check Pods Manifest.lock";
			outputPaths = (
			);
			runOnlyForDeploymentPostprocessing = 0;
			shellPath = /bin/sh;
			shellScript = "diff \"${PODS_ROOT}/../Podfile.lock\" \"${PODS_ROOT}/Manifest.lock\" > /dev/null\nif [[ $? != 0 ]] ; then\n    cat << EOM\nerror: The sandbox is not in sync with the Podfile.lock. Run 'pod install' or update your CocoaPods installation.\nEOM\n    exit 1\nfi\n";
			showEnvVarsInLog = 0;
		};
		5D520417E207223B5B6EDE40 /* [CP] Embed Pods Frameworks */ = {
			isa = PBXShellScriptBuildPhase;
			buildActionMask = 2147483647;
			files = (
			);
			inputPaths = (
			);
			name = "[CP] Embed Pods Frameworks";
			outputPaths = (
			);
			runOnlyForDeploymentPostprocessing = 0;
			shellPath = /bin/sh;
			shellScript = "\"${SRCROOT}/Pods/Target Support Files/Pods-SimpleAFNetworkingDemo/Pods-SimpleAFNetworkingDemo-frameworks.sh\"\n";
			showEnvVarsInLog = 0;
		};
		EB6CA67CBA7C840785CE04CB /* [CP] Copy Pods Resources */ = {
			isa = PBXShellScriptBuildPhase;
			buildActionMask = 2147483647;
			files = (
			);
			inputPaths = (
			);
			name = "[CP] Copy Pods Resources";
			outputPaths = (
			);
			runOnlyForDeploymentPostprocessing = 0;
			shellPath = /bin/sh;
			shellScript = "\"${SRCROOT}/Pods/Target Support Files/Pods-SimpleAFNetworkingDemo/Pods-SimpleAFNetworkingDemo-resources.sh\"\n";
			showEnvVarsInLog = 0;
		};
/* End PBXShellScriptBuildPhase section */

/* Begin PBXSourcesBuildPhase section */
		C4FCB1D51CBC9ACF00563348 /* Sources */ = {
			isa = PBXSourcesBuildPhase;
			buildActionMask = 2147483647;
			files = (
				C4FCB1E41CBC9ACF00563348 /* ViewController.m in Sources */,
				C4FCB1E11CBC9ACF00563348 /* AppDelegate.m in Sources */,
				C4FCB1DE1CBC9ACF00563348 /* main.m in Sources */,
				C43A390C1D8F80050020822D /* YDHttpClient.m in Sources */,
				C43A390B1D8F80050020822D /* YDBaseHTTPSessionManager.m in Sources */,
				C43A390A1D8F80050020822D /* YDBaseHTTPOperationManager.m in Sources */,
			);
			runOnlyForDeploymentPostprocessing = 0;
		};
		C4FCB1EE1CBC9ACF00563348 /* Sources */ = {
			isa = PBXSourcesBuildPhase;
			buildActionMask = 2147483647;
			files = (
				C4FCB24F1CBC9E5100563348 /* YDBaseHTTPSessionManagerTest.m in Sources */,
				C4FCB24D1CBC9E3F00563348 /* YDBaseHTTPOperationManagerTest.m in Sources */,
				C4FCB1F71CBC9ACF00563348 /* SimpleAFNetworkingDemoTests.m in Sources */,
			);
			runOnlyForDeploymentPostprocessing = 0;
		};
/* End PBXSourcesBuildPhase section */

/* Begin PBXTargetDependency section */
		C4FCB1F41CBC9ACF00563348 /* PBXTargetDependency */ = {
			isa = PBXTargetDependency;
			target = C4FCB1D81CBC9ACF00563348 /* SimpleAFNetworkingDemo */;
			targetProxy = C4FCB1F31CBC9ACF00563348 /* PBXContainerItemProxy */;
		};
/* End PBXTargetDependency section */

/* Begin PBXVariantGroup section */
		C4FCB1E51CBC9ACF00563348 /* Main.storyboard */ = {
			isa = PBXVariantGroup;
			children = (
				C4FCB1E61CBC9ACF00563348 /* Base */,
			);
			name = Main.storyboard;
			sourceTree = "<group>";
		};
		C4FCB1EA1CBC9ACF00563348 /* LaunchScreen.storyboard */ = {
			isa = PBXVariantGroup;
			children = (
				C4FCB1EB1CBC9ACF00563348 /* Base */,
			);
			name = LaunchScreen.storyboard;
			sourceTree = "<group>";
		};
/* End PBXVariantGroup section */

/* Begin XCBuildConfiguration section */
		C4FCB1F91CBC9ACF00563348 /* Debug */ = {
			isa = XCBuildConfiguration;
			buildSettings = {
				ALWAYS_SEARCH_USER_PATHS = NO;
				CLANG_CXX_LANGUAGE_STANDARD = "gnu++0x";
				CLANG_CXX_LIBRARY = "libc++";
				CLANG_ENABLE_MODULES = YES;
				CLANG_ENABLE_OBJC_ARC = YES;
				CLANG_WARN_BOOL_CONVERSION = YES;
				CLANG_WARN_CONSTANT_CONVERSION = YES;
				CLANG_WARN_DIRECT_OBJC_ISA_USAGE = YES_ERROR;
				CLANG_WARN_EMPTY_BODY = YES;
				CLANG_WARN_ENUM_CONVERSION = YES;
				CLANG_WARN_INT_CONVERSION = YES;
				CLANG_WARN_OBJC_ROOT_CLASS = YES_ERROR;
				CLANG_WARN_UNREACHABLE_CODE = YES;
				CLANG_WARN__DUPLICATE_METHOD_MATCH = YES;
				"CODE_SIGN_IDENTITY[sdk=iphoneos*]" = "iPhone Developer";
				COPY_PHASE_STRIP = NO;
				DEBUG_INFORMATION_FORMAT = dwarf;
				ENABLE_STRICT_OBJC_MSGSEND = YES;
				ENABLE_TESTABILITY = YES;
				GCC_C_LANGUAGE_STANDARD = gnu99;
				GCC_DYNAMIC_NO_PIC = NO;
				GCC_NO_COMMON_BLOCKS = YES;
				GCC_OPTIMIZATION_LEVEL = 0;
				GCC_PREPROCESSOR_DEFINITIONS = (
					"DEBUG=1",
					"$(inherited)",
				);
				GCC_WARN_64_TO_32_BIT_CONVERSION = YES;
				GCC_WARN_ABOUT_RETURN_TYPE = YES_ERROR;
				GCC_WARN_UNDECLARED_SELECTOR = YES;
				GCC_WARN_UNINITIALIZED_AUTOS = YES_AGGRESSIVE;
				GCC_WARN_UNUSED_FUNCTION = YES;
				GCC_WARN_UNUSED_VARIABLE = YES;
				IPHONEOS_DEPLOYMENT_TARGET = 9.2;
				MTL_ENABLE_DEBUG_INFO = YES;
				ONLY_ACTIVE_ARCH = YES;
				SDKROOT = iphoneos;
				TARGETED_DEVICE_FAMILY = "1,2";
			};
			name = Debug;
		};
		C4FCB1FA1CBC9ACF00563348 /* Release */ = {
			isa = XCBuildConfiguration;
			buildSettings = {
				ALWAYS_SEARCH_USER_PATHS = NO;
				CLANG_CXX_LANGUAGE_STANDARD = "gnu++0x";
				CLANG_CXX_LIBRARY = "libc++";
				CLANG_ENABLE_MODULES = YES;
				CLANG_ENABLE_OBJC_ARC = YES;
				CLANG_WARN_BOOL_CONVERSION = YES;
				CLANG_WARN_CONSTANT_CONVERSION = YES;
				CLANG_WARN_DIRECT_OBJC_ISA_USAGE = YES_ERROR;
				CLANG_WARN_EMPTY_BODY = YES;
				CLANG_WARN_ENUM_CONVERSION = YES;
				CLANG_WARN_INT_CONVERSION = YES;
				CLANG_WARN_OBJC_ROOT_CLASS = YES_ERROR;
				CLANG_WARN_UNREACHABLE_CODE = YES;
				CLANG_WARN__DUPLICATE_METHOD_MATCH = YES;
				"CODE_SIGN_IDENTITY[sdk=iphoneos*]" = "iPhone Developer";
				COPY_PHASE_STRIP = NO;
				DEBUG_INFORMATION_FORMAT = "dwarf-with-dsym";
				ENABLE_NS_ASSERTIONS = NO;
				ENABLE_STRICT_OBJC_MSGSEND = YES;
				GCC_C_LANGUAGE_STANDARD = gnu99;
				GCC_NO_COMMON_BLOCKS = YES;
				GCC_WARN_64_TO_32_BIT_CONVERSION = YES;
				GCC_WARN_ABOUT_RETURN_TYPE = YES_ERROR;
				GCC_WARN_UNDECLARED_SELECTOR = YES;
				GCC_WARN_UNINITIALIZED_AUTOS = YES_AGGRESSIVE;
				GCC_WARN_UNUSED_FUNCTION = YES;
				GCC_WARN_UNUSED_VARIABLE = YES;
				IPHONEOS_DEPLOYMENT_TARGET = 9.2;
				MTL_ENABLE_DEBUG_INFO = NO;
				SDKROOT = iphoneos;
				TARGETED_DEVICE_FAMILY = "1,2";
				VALIDATE_PRODUCT = YES;
			};
			name = Release;
		};
		C4FCB1FC1CBC9ACF00563348 /* Debug */ = {
			isa = XCBuildConfiguration;
			baseConfigurationReference = 0B56C52A2EF77EDC1B61D966 /* Pods-SimpleAFNetworkingDemo.debug.xcconfig */;
			buildSettings = {
				ASSETCATALOG_COMPILER_APPICON_NAME = AppIcon;
				INFOPLIST_FILE = SimpleAFNetworkingDemo/Info.plist;
				LD_RUNPATH_SEARCH_PATHS = "$(inherited) @executable_path/Frameworks";
				PRODUCT_BUNDLE_IDENTIFIER = com.bob.SimpleAFNetworkingDemo;
				PRODUCT_NAME = "$(TARGET_NAME)";
			};
			name = Debug;
		};
		C4FCB1FD1CBC9ACF00563348 /* Release */ = {
			isa = XCBuildConfiguration;
			baseConfigurationReference = 226B515A703FCC6271EB5D83 /* Pods-SimpleAFNetworkingDemo.release.xcconfig */;
			buildSettings = {
				ASSETCATALOG_COMPILER_APPICON_NAME = AppIcon;
				INFOPLIST_FILE = SimpleAFNetworkingDemo/Info.plist;
				LD_RUNPATH_SEARCH_PATHS = "$(inherited) @executable_path/Frameworks";
				PRODUCT_BUNDLE_IDENTIFIER = com.bob.SimpleAFNetworkingDemo;
				PRODUCT_NAME = "$(TARGET_NAME)";
			};
			name = Release;
		};
		C4FCB1FF1CBC9ACF00563348 /* Debug */ = {
			isa = XCBuildConfiguration;
			buildSettings = {
				BUNDLE_LOADER = "$(TEST_HOST)";
				INFOPLIST_FILE = SimpleAFNetworkingDemoTests/Info.plist;
				LD_RUNPATH_SEARCH_PATHS = "$(inherited) @executable_path/Frameworks @loader_path/Frameworks";
				PRODUCT_BUNDLE_IDENTIFIER = com.bob.SimpleAFNetworkingDemoTests;
				PRODUCT_NAME = "$(TARGET_NAME)";
				TEST_HOST = "$(BUILT_PRODUCTS_DIR)/SimpleAFNetworkingDemo.app/SimpleAFNetworkingDemo";
			};
			name = Debug;
		};
		C4FCB2001CBC9ACF00563348 /* Release */ = {
			isa = XCBuildConfiguration;
			buildSettings = {
				BUNDLE_LOADER = "$(TEST_HOST)";
				INFOPLIST_FILE = SimpleAFNetworkingDemoTests/Info.plist;
				LD_RUNPATH_SEARCH_PATHS = "$(inherited) @executable_path/Frameworks @loader_path/Frameworks";
				PRODUCT_BUNDLE_IDENTIFIER = com.bob.SimpleAFNetworkingDemoTests;
				PRODUCT_NAME = "$(TARGET_NAME)";
				TEST_HOST = "$(BUILT_PRODUCTS_DIR)/SimpleAFNetworkingDemo.app/SimpleAFNetworkingDemo";
			};
			name = Release;
		};
/* End XCBuildConfiguration section */

/* Begin XCConfigurationList section */
		C4FCB1D41CBC9ACF00563348 /* Build configuration list for PBXProject "SimpleAFNetworkingDemo" */ = {
			isa = XCConfigurationList;
			buildConfigurations = (
				C4FCB1F91CBC9ACF00563348 /* Debug */,
				C4FCB1FA1CBC9ACF00563348 /* Release */,
			);
			defaultConfigurationIsVisible = 0;
			defaultConfigurationName = Release;
		};
		C4FCB1FB1CBC9ACF00563348 /* Build configuration list for PBXNativeTarget "SimpleAFNetworkingDemo" */ = {
			isa = XCConfigurationList;
			buildConfigurations = (
				C4FCB1FC1CBC9ACF00563348 /* Debug */,
				C4FCB1FD1CBC9ACF00563348 /* Release */,
			);
			defaultConfigurationIsVisible = 0;
			defaultConfigurationName = Release;
		};
		C4FCB1FE1CBC9ACF00563348 /* Build configuration list for PBXNativeTarget "SimpleAFNetworkingDemoTests" */ = {
			isa = XCConfigurationList;
			buildConfigurations = (
				C4FCB1FF1CBC9ACF00563348 /* Debug */,
				C4FCB2001CBC9ACF00563348 /* Release */,
			);
			defaultConfigurationIsVisible = 0;
			defaultConfigurationName = Release;
		};
/* End XCConfigurationList section */
	};
	rootObject = C4FCB1D11CBC9ACF00563348 /* Project object */;
}
